
Microsoft Visual Studio Solution File, Format Version 12.00
# Visual Studio Version 17
VisualStudioVersion = 17.0.31912.275
MinimumVisualStudioVersion = 10.0.40219.1
Project("{FAE04EC0-301F-11D3-BF4B-00C04F79EFBC}") = "Server", "Server\Server.csproj", "{6046755B-D447-4C30-AA78-9892CA0B42B0}"
EndProject
Global
	GlobalSection(SolutionConfigurationPlatforms) = preSolution
		Debug|Any CPU = Debug|Any CPU
		Release|Any CPU = Release|Any CPU
	EndGlobalSection
	GlobalSection(ProjectConfigurationPlatforms) = postSolution
		{6046755B-D447-4C30-AA78-9892CA0B42B0}.Debug|Any CPU.ActiveCfg = Debug|Any CPU
		{6046755B-D447-4C30-AA78-9892CA0B42B0}.Debug|Any CPU.Build.0 = Debug|Any CPU
		{6046755B-D447-4C30-AA78-9892CA0B42B0}.Release|Any CPU.ActiveCfg = Release|Any CPU
		{6046755B-D447-4C30-AA78-9892CA0B42B0}.Release|Any CPU.Build.0 = Release|Any CPU
	EndGlobalSection
	GlobalSection(SolutionProperties) = preSolution
		HideSolutionNode = FALSE
	EndGlobalSection
	GlobalSection(ExtensibilityGlobals) = postSolution
		SolutionGuid = {1FF6A3E0-BC69-4B24-9FFD-6D6EBAD85B49}
	EndGlobalSection
EndGlobal
